
Microsoft Visual Studio Solution File, Format Version 12.00
Project("{FAE04EC0-301F-11D3-BF4B-00C04F79EFBC}") = "Newtonsoft.Jason", "Newtonsoft.Jason\Newtonsoft.Jason.csproj", "{2FC36A37-E1B4-4F4C-91F1-8308CB60ACA6}"
EndProject
Project("{FAE04EC0-301F-11D3-BF4B-00C04F79EFBC}") = "Newtonsoft.Json.Tests", "Newtonsoft.Json.Tests\Newtonsoft.Json.Tests.csproj", "{66EBBB65-C092-4BAC-A40F-30937DBD2DBF}"
EndProject
Global
	GlobalSection(SolutionConfigurationPlatforms) = preSolution
		Debug|Any CPU = Debug|Any CPU
		Release|Any CPU = Release|Any CPU
	EndGlobalSection
	GlobalSection(ProjectConfigurationPlatforms) = postSolution
		{2FC36A37-E1B4-4F4C-91F1-8308CB60ACA6}.Debug|Any CPU.ActiveCfg = Debug|Any CPU
		{2FC36A37-E1B4-4F4C-91F1-8308CB60ACA6}.Debug|Any CPU.Build.0 = Debug|Any CPU
		{2FC36A37-E1B4-4F4C-91F1-8308CB60ACA6}.Release|Any CPU.ActiveCfg = Release|Any CPU
		{2FC36A37-E1B4-4F4C-91F1-8308CB60ACA6}.Release|Any CPU.Build.0 = Release|Any CPU
		{66EBBB65-C092-4BAC-A40F-30937DBD2DBF}.Debug|Any CPU.ActiveCfg = Debug|Any CPU
		{66EBBB65-C092-4BAC-A40F-30937DBD2DBF}.Debug|Any CPU.Build.0 = Debug|Any CPU
		{66EBBB65-C092-4BAC-A40F-30937DBD2DBF}.Release|Any CPU.ActiveCfg = Release|Any CPU
		{66EBBB65-C092-4BAC-A40F-30937DBD2DBF}.Release|Any CPU.Build.0 = Release|Any CPU
	EndGlobalSection
EndGlobal
